
Microsoft Visual Studio Solution File, Format Version 12.00
# Visual Studio Version 16
VisualStudioVersion = 16.0.30503.244
MinimumVisualStudioVersion = 10.0.40219.1
Project("{9A19103F-16F7-4668-BE54-9A1E7A4F7556}") = "MvvmTest", "MvvmTest\MvvmTest.csproj", "{4CB41FAE-C307-4BA7-B8B6-7101A1ED77D3}"
EndProject
Project("{FAE04EC0-301F-11D3-BF4B-00C04F79EFBC}") = "MvvmTest.MVM", "MvvmTest.MVM\MvvmTest.MVM.csproj", "{C8595B9C-3B2C-4813-975F-63A5D861056A}"
EndProject
Global
	GlobalSection(SolutionConfigurationPlatforms) = preSolution
		Debug|Any CPU = Debug|Any CPU
		Release|Any CPU = Release|Any CPU
	EndGlobalSection
	GlobalSection(ProjectConfigurationPlatforms) = postSolution
		{4CB41FAE-C307-4BA7-B8B6-7101A1ED77D3}.Debug|Any CPU.ActiveCfg = Debug|Any CPU
		{4CB41FAE-C307-4BA7-B8B6-7101A1ED77D3}.Debug|Any CPU.Build.0 = Debug|Any CPU
		{4CB41FAE-C307-4BA7-B8B6-7101A1ED77D3}.Release|Any CPU.ActiveCfg = Release|Any CPU
		{4CB41FAE-C307-4BA7-B8B6-7101A1ED77D3}.Release|Any CPU.Build.0 = Release|Any CPU
		{C8595B9C-3B2C-4813-975F-63A5D861056A}.Debug|Any CPU.ActiveCfg = Debug|Any CPU
		{C8595B9C-3B2C-4813-975F-63A5D861056A}.Debug|Any CPU.Build.0 = Debug|Any CPU
		{C8595B9C-3B2C-4813-975F-63A5D861056A}.Release|Any CPU.ActiveCfg = Release|Any CPU
		{C8595B9C-3B2C-4813-975F-63A5D861056A}.Release|Any CPU.Build.0 = Release|Any CPU
	EndGlobalSection
	GlobalSection(SolutionProperties) = preSolution
		HideSolutionNode = FALSE
	EndGlobalSection
	GlobalSection(ExtensibilityGlobals) = postSolution
		SolutionGuid = {216E58C7-710C-4E54-AD17-39F49B89D375}
	EndGlobalSection
EndGlobal
